
Microsoft Visual Studio Solution File, Format Version 12.00
# Visual Studio 15
VisualStudioVersion = 15.0.27130.2024
MinimumVisualStudioVersion = 10.0.40219.1
Project("{2150E333-8FDC-42A3-9474-1A3956D46DE8}") = "src", "src", "{AFAA0841-BD93-466F-B8F4-FB4EEC86F1FC}"
EndProject
Project("{2150E333-8FDC-42A3-9474-1A3956D46DE8}") = "test", "test", "{F10AA149-2626-486E-85BB-9CD5365F3016}"
EndProject
Project("{9A19103F-16F7-4668-BE54-9A1E7A4F7556}") = "CoreCMS.Core", "src\CoreCMS.Core\CoreCMS.Core.csproj", "{0FA75A5B-AB83-4FD0-B545-279774C01E87}"
EndProject
Project("{9A19103F-16F7-4668-BE54-9A1E7A4F7556}") = "CoreCMS.Application", "src\CoreCMS.Application\CoreCMS.Application.csproj", "{3870C648-4AEA-4B85-BA3F-F2F63B96136A}"
EndProject
Project("{9A19103F-16F7-4668-BE54-9A1E7A4F7556}") = "CoreCMS.Migrator", "src\CoreCMS.Migrator\CoreCMS.Migrator.csproj", "{880B3591-E057-46FE-B525-10BD83828B93}"
EndProject
Project("{9A19103F-16F7-4668-BE54-9A1E7A4F7556}") = "CoreCMS.Web.Host", "src\CoreCMS.Web.Host\CoreCMS.Web.Host.csproj", "{38E184BD-E874-4633-A947-AED4FDB73F40}"
EndProject
Project("{9A19103F-16F7-4668-BE54-9A1E7A4F7556}") = "CoreCMS.Web.Core", "src\CoreCMS.Web.Core\CoreCMS.Web.Core.csproj", "{22CFE0D2-8DCA-42D7-AD7D-784C3862493F}"
EndProject
Project("{9A19103F-16F7-4668-BE54-9A1E7A4F7556}") = "CoreCMS.EntityFrameworkCore", "src\CoreCMS.EntityFrameworkCore\CoreCMS.EntityFrameworkCore.csproj", "{E0580562-F8F2-4EBB-B07A-ABFC6F2C314F}"
EndProject
Project("{9A19103F-16F7-4668-BE54-9A1E7A4F7556}") = "Abp.AspNetCore", "src\Abp.AspNetCore\Abp.AspNetCore.csproj", "{1835CC1C-B775-4024-A9E0-236282D2CE28}"
EndProject
Project("{9A19103F-16F7-4668-BE54-9A1E7A4F7556}") = "Abp.Web.Common", "src\Abp.Web.Common\Abp.Web.Common.csproj", "{5C3BCD65-2613-4E71-96CE-5FBF25D05DED}"
EndProject
Project("{9A19103F-16F7-4668-BE54-9A1E7A4F7556}") = "Abp", "src\Abp\Abp.csproj", "{D277B6C9-85AA-440D-9C48-9B81E9F800E4}"
EndProject
Project("{9A19103F-16F7-4668-BE54-9A1E7A4F7556}") = "Abp.ZeroCore.EntityFrameworkCore", "src\Abp.ZeroCore.EntityFrameworkCore\Abp.ZeroCore.EntityFrameworkCore.csproj", "{CF3E26F4-78AA-4F0F-86AC-8FEF3FFF7F29}"
EndProject
Project("{9A19103F-16F7-4668-BE54-9A1E7A4F7556}") = "Abp.EntityFrameworkCore", "src\Abp.EntityFrameworkCore\Abp.EntityFrameworkCore.csproj", "{34CF6120-AEDA-4A36-8FAF-32E1DD26D879}"
EndProject
Project("{9A19103F-16F7-4668-BE54-9A1E7A4F7556}") = "Abp.EntityFramework.Common", "src\Abp.EntityFramework.Common\Abp.EntityFramework.Common.csproj", "{7FE4D6EE-7454-4BF9-974A-C4A60DF271E6}"
EndProject
Project("{9A19103F-16F7-4668-BE54-9A1E7A4F7556}") = "Abp.ZeroCore", "src\Abp.ZeroCore\Abp.ZeroCore.csproj", "{F8E97501-AE78-4231-9523-1FE4A0D9A3F1}"
EndProject
Project("{9A19103F-16F7-4668-BE54-9A1E7A4F7556}") = "Abp.Zero.Common", "src\Abp.Zero.Common\Abp.Zero.Common.csproj", "{650E2DFD-E893-48C2-BAA0-D5B6D0A1F522}"
EndProject
Project("{9A19103F-16F7-4668-BE54-9A1E7A4F7556}") = "Abp.AutoMapper", "src\Abp.AutoMapper\Abp.AutoMapper.csproj", "{3A1DF4F3-D5D3-4FC6-AA58-F62D5F2A3196}"
EndProject
Project("{9A19103F-16F7-4668-BE54-9A1E7A4F7556}") = "Abp.Castle.Log4Net", "src\Abp.Castle.Log4Net\Abp.Castle.Log4Net.csproj", "{DBC0819F-02FE-4549-B09B-EAE046AA6A3B}"
EndProject
Project("{9A19103F-16F7-4668-BE54-9A1E7A4F7556}") = "Abp.AspNetCore.SignalR", "src\Abp.AspNetCore.SignalR\Abp.AspNetCore.SignalR.csproj", "{CF0FE572-183A-41E9-8869-9D34F9B6AD43}"
EndProject
Project("{9A19103F-16F7-4668-BE54-9A1E7A4F7556}") = "Abp.TestBase", "src\Abp.TestBase\Abp.TestBase.csproj", "{06E0E3A5-4922-497B-A9D9-D29104CAA1F3}"
EndProject
Project("{9A19103F-16F7-4668-BE54-9A1E7A4F7556}") = "CoreCMS.Tests", "test\CoreCMS.Tests\CoreCMS.Tests.csproj", "{698A01B8-A251-48AD-94F1-29BFE2088654}"
EndProject
Global
	GlobalSection(SolutionConfigurationPlatforms) = preSolution
		Debug|Any CPU = Debug|Any CPU
		Release|Any CPU = Release|Any CPU
	EndGlobalSection
	GlobalSection(ProjectConfigurationPlatforms) = postSolution
		{0FA75A5B-AB83-4FD0-B545-279774C01E87}.Debug|Any CPU.ActiveCfg = Debug|Any CPU
		{0FA75A5B-AB83-4FD0-B545-279774C01E87}.Debug|Any CPU.Build.0 = Debug|Any CPU
		{0FA75A5B-AB83-4FD0-B545-279774C01E87}.Release|Any CPU.ActiveCfg = Release|Any CPU
		{0FA75A5B-AB83-4FD0-B545-279774C01E87}.Release|Any CPU.Build.0 = Release|Any CPU
		{3870C648-4AEA-4B85-BA3F-F2F63B96136A}.Debug|Any CPU.ActiveCfg = Debug|Any CPU
		{3870C648-4AEA-4B85-BA3F-F2F63B96136A}.Debug|Any CPU.Build.0 = Debug|Any CPU
		{3870C648-4AEA-4B85-BA3F-F2F63B96136A}.Release|Any CPU.ActiveCfg = Release|Any CPU
		{3870C648-4AEA-4B85-BA3F-F2F63B96136A}.Release|Any CPU.Build.0 = Release|Any CPU
		{880B3591-E057-46FE-B525-10BD83828B93}.Debug|Any CPU.ActiveCfg = Debug|Any CPU
		{880B3591-E057-46FE-B525-10BD83828B93}.Debug|Any CPU.Build.0 = Debug|Any CPU
		{880B3591-E057-46FE-B525-10BD83828B93}.Release|Any CPU.ActiveCfg = Release|Any CPU
		{880B3591-E057-46FE-B525-10BD83828B93}.Release|Any CPU.Build.0 = Release|Any CPU
		{38E184BD-E874-4633-A947-AED4FDB73F40}.Debug|Any CPU.ActiveCfg = Debug|Any CPU
		{38E184BD-E874-4633-A947-AED4FDB73F40}.Debug|Any CPU.Build.0 = Debug|Any CPU
		{38E184BD-E874-4633-A947-AED4FDB73F40}.Release|Any CPU.ActiveCfg = Release|Any CPU
		{38E184BD-E874-4633-A947-AED4FDB73F40}.Release|Any CPU.Build.0 = Release|Any CPU
		{22CFE0D2-8DCA-42D7-AD7D-784C3862493F}.Debug|Any CPU.ActiveCfg = Debug|Any CPU
		{22CFE0D2-8DCA-42D7-AD7D-784C3862493F}.Debug|Any CPU.Build.0 = Debug|Any CPU
		{22CFE0D2-8DCA-42D7-AD7D-784C3862493F}.Release|Any CPU.ActiveCfg = Release|Any CPU
		{22CFE0D2-8DCA-42D7-AD7D-784C3862493F}.Release|Any CPU.Build.0 = Release|Any CPU
		{E0580562-F8F2-4EBB-B07A-ABFC6F2C314F}.Debug|Any CPU.ActiveCfg = Debug|Any CPU
		{E0580562-F8F2-4EBB-B07A-ABFC6F2C314F}.Debug|Any CPU.Build.0 = Debug|Any CPU
		{E0580562-F8F2-4EBB-B07A-ABFC6F2C314F}.Release|Any CPU.ActiveCfg = Release|Any CPU
		{E0580562-F8F2-4EBB-B07A-ABFC6F2C314F}.Release|Any CPU.Build.0 = Release|Any CPU
		{1835CC1C-B775-4024-A9E0-236282D2CE28}.Debug|Any CPU.ActiveCfg = Debug|Any CPU
		{1835CC1C-B775-4024-A9E0-236282D2CE28}.Debug|Any CPU.Build.0 = Debug|Any CPU
		{1835CC1C-B775-4024-A9E0-236282D2CE28}.Release|Any CPU.ActiveCfg = Release|Any CPU
		{1835CC1C-B775-4024-A9E0-236282D2CE28}.Release|Any CPU.Build.0 = Release|Any CPU
		{5C3BCD65-2613-4E71-96CE-5FBF25D05DED}.Debug|Any CPU.ActiveCfg = Debug|Any CPU
		{5C3BCD65-2613-4E71-96CE-5FBF25D05DED}.Debug|Any CPU.Build.0 = Debug|Any CPU
		{5C3BCD65-2613-4E71-96CE-5FBF25D05DED}.Release|Any CPU.ActiveCfg = Release|Any CPU
		{5C3BCD65-2613-4E71-96CE-5FBF25D05DED}.Release|Any CPU.Build.0 = Release|Any CPU
		{D277B6C9-85AA-440D-9C48-9B81E9F800E4}.Debug|Any CPU.ActiveCfg = Debug|Any CPU
		{D277B6C9-85AA-440D-9C48-9B81E9F800E4}.Debug|Any CPU.Build.0 = Debug|Any CPU
		{D277B6C9-85AA-440D-9C48-9B81E9F800E4}.Release|Any CPU.ActiveCfg = Release|Any CPU
		{D277B6C9-85AA-440D-9C48-9B81E9F800E4}.Release|Any CPU.Build.0 = Release|Any CPU
		{CF3E26F4-78AA-4F0F-86AC-8FEF3FFF7F29}.Debug|Any CPU.ActiveCfg = Debug|Any CPU
		{CF3E26F4-78AA-4F0F-86AC-8FEF3FFF7F29}.Debug|Any CPU.Build.0 = Debug|Any CPU
		{CF3E26F4-78AA-4F0F-86AC-8FEF3FFF7F29}.Release|Any CPU.ActiveCfg = Release|Any CPU
		{CF3E26F4-78AA-4F0F-86AC-8FEF3FFF7F29}.Release|Any CPU.Build.0 = Release|Any CPU
		{34CF6120-AEDA-4A36-8FAF-32E1DD26D879}.Debug|Any CPU.ActiveCfg = Debug|Any CPU
		{34CF6120-AEDA-4A36-8FAF-32E1DD26D879}.Debug|Any CPU.Build.0 = Debug|Any CPU
		{34CF6120-AEDA-4A36-8FAF-32E1DD26D879}.Release|Any CPU.ActiveCfg = Release|Any CPU
		{34CF6120-AEDA-4A36-8FAF-32E1DD26D879}.Release|Any CPU.Build.0 = Release|Any CPU
		{7FE4D6EE-7454-4BF9-974A-C4A60DF271E6}.Debug|Any CPU.ActiveCfg = Debug|Any CPU
		{7FE4D6EE-7454-4BF9-974A-C4A60DF271E6}.Debug|Any CPU.Build.0 = Debug|Any CPU
		{7FE4D6EE-7454-4BF9-974A-C4A60DF271E6}.Release|Any CPU.ActiveCfg = Release|Any CPU
		{7FE4D6EE-7454-4BF9-974A-C4A60DF271E6}.Release|Any CPU.Build.0 = Release|Any CPU
		{F8E97501-AE78-4231-9523-1FE4A0D9A3F1}.Debug|Any CPU.ActiveCfg = Debug|Any CPU
		{F8E97501-AE78-4231-9523-1FE4A0D9A3F1}.Debug|Any CPU.Build.0 = Debug|Any CPU
		{F8E97501-AE78-4231-9523-1FE4A0D9A3F1}.Release|Any CPU.ActiveCfg = Release|Any CPU
		{F8E97501-AE78-4231-9523-1FE4A0D9A3F1}.Release|Any CPU.Build.0 = Release|Any CPU
		{650E2DFD-E893-48C2-BAA0-D5B6D0A1F522}.Debug|Any CPU.ActiveCfg = Debug|Any CPU
		{650E2DFD-E893-48C2-BAA0-D5B6D0A1F522}.Debug|Any CPU.Build.0 = Debug|Any CPU
		{650E2DFD-E893-48C2-BAA0-D5B6D0A1F522}.Release|Any CPU.ActiveCfg = Release|Any CPU
		{650E2DFD-E893-48C2-BAA0-D5B6D0A1F522}.Release|Any CPU.Build.0 = Release|Any CPU
		{3A1DF4F3-D5D3-4FC6-AA58-F62D5F2A3196}.Debug|Any CPU.ActiveCfg = Debug|Any CPU
		{3A1DF4F3-D5D3-4FC6-AA58-F62D5F2A3196}.Debug|Any CPU.Build.0 = Debug|Any CPU
		{3A1DF4F3-D5D3-4FC6-AA58-F62D5F2A3196}.Release|Any CPU.ActiveCfg = Release|Any CPU
		{3A1DF4F3-D5D3-4FC6-AA58-F62D5F2A3196}.Release|Any CPU.Build.0 = Release|Any CPU
		{DBC0819F-02FE-4549-B09B-EAE046AA6A3B}.Debug|Any CPU.ActiveCfg = Debug|Any CPU
		{DBC0819F-02FE-4549-B09B-EAE046AA6A3B}.Debug|Any CPU.Build.0 = Debug|Any CPU
		{DBC0819F-02FE-4549-B09B-EAE046AA6A3B}.Release|Any CPU.ActiveCfg = Release|Any CPU
		{DBC0819F-02FE-4549-B09B-EAE046AA6A3B}.Release|Any CPU.Build.0 = Release|Any CPU
		{CF0FE572-183A-41E9-8869-9D34F9B6AD43}.Debug|Any CPU.ActiveCfg = Debug|Any CPU
		{CF0FE572-183A-41E9-8869-9D34F9B6AD43}.Debug|Any CPU.Build.0 = Debug|Any CPU
		{CF0FE572-183A-41E9-8869-9D34F9B6AD43}.Release|Any CPU.ActiveCfg = Release|Any CPU
		{CF0FE572-183A-41E9-8869-9D34F9B6AD43}.Release|Any CPU.Build.0 = Release|Any CPU
		{06E0E3A5-4922-497B-A9D9-D29104CAA1F3}.Debug|Any CPU.ActiveCfg = Debug|Any CPU
		{06E0E3A5-4922-497B-A9D9-D29104CAA1F3}.Debug|Any CPU.Build.0 = Debug|Any CPU
		{06E0E3A5-4922-497B-A9D9-D29104CAA1F3}.Release|Any CPU.ActiveCfg = Release|Any CPU
		{06E0E3A5-4922-497B-A9D9-D29104CAA1F3}.Release|Any CPU.Build.0 = Release|Any CPU
		{698A01B8-A251-48AD-94F1-29BFE2088654}.Debug|Any CPU.ActiveCfg = Debug|Any CPU
		{698A01B8-A251-48AD-94F1-29BFE2088654}.Debug|Any CPU.Build.0 = Debug|Any CPU
		{698A01B8-A251-48AD-94F1-29BFE2088654}.Release|Any CPU.ActiveCfg = Release|Any CPU
		{698A01B8-A251-48AD-94F1-29BFE2088654}.Release|Any CPU.Build.0 = Release|Any CPU
	EndGlobalSection
	GlobalSection(SolutionProperties) = preSolution
		HideSolutionNode = FALSE
	EndGlobalSection
	GlobalSection(NestedProjects) = preSolution
		{0FA75A5B-AB83-4FD0-B545-279774C01E87} = {AFAA0841-BD93-466F-B8F4-FB4EEC86F1FC}
		{3870C648-4AEA-4B85-BA3F-F2F63B96136A} = {AFAA0841-BD93-466F-B8F4-FB4EEC86F1FC}
		{880B3591-E057-46FE-B525-10BD83828B93} = {AFAA0841-BD93-466F-B8F4-FB4EEC86F1FC}
		{38E184BD-E874-4633-A947-AED4FDB73F40} = {AFAA0841-BD93-466F-B8F4-FB4EEC86F1FC}
		{22CFE0D2-8DCA-42D7-AD7D-784C3862493F} = {AFAA0841-BD93-466F-B8F4-FB4EEC86F1FC}
		{E0580562-F8F2-4EBB-B07A-ABFC6F2C314F} = {AFAA0841-BD93-466F-B8F4-FB4EEC86F1FC}
		{1835CC1C-B775-4024-A9E0-236282D2CE28} = {AFAA0841-BD93-466F-B8F4-FB4EEC86F1FC}
		{5C3BCD65-2613-4E71-96CE-5FBF25D05DED} = {AFAA0841-BD93-466F-B8F4-FB4EEC86F1FC}
		{D277B6C9-85AA-440D-9C48-9B81E9F800E4} = {AFAA0841-BD93-466F-B8F4-FB4EEC86F1FC}
		{CF3E26F4-78AA-4F0F-86AC-8FEF3FFF7F29} = {AFAA0841-BD93-466F-B8F4-FB4EEC86F1FC}
		{34CF6120-AEDA-4A36-8FAF-32E1DD26D879} = {AFAA0841-BD93-466F-B8F4-FB4EEC86F1FC}
		{7FE4D6EE-7454-4BF9-974A-C4A60DF271E6} = {AFAA0841-BD93-466F-B8F4-FB4EEC86F1FC}
		{F8E97501-AE78-4231-9523-1FE4A0D9A3F1} = {AFAA0841-BD93-466F-B8F4-FB4EEC86F1FC}
		{650E2DFD-E893-48C2-BAA0-D5B6D0A1F522} = {AFAA0841-BD93-466F-B8F4-FB4EEC86F1FC}
		{3A1DF4F3-D5D3-4FC6-AA58-F62D5F2A3196} = {AFAA0841-BD93-466F-B8F4-FB4EEC86F1FC}
		{DBC0819F-02FE-4549-B09B-EAE046AA6A3B} = {AFAA0841-BD93-466F-B8F4-FB4EEC86F1FC}
		{CF0FE572-183A-41E9-8869-9D34F9B6AD43} = {AFAA0841-BD93-466F-B8F4-FB4EEC86F1FC}
		{06E0E3A5-4922-497B-A9D9-D29104CAA1F3} = {AFAA0841-BD93-466F-B8F4-FB4EEC86F1FC}
		{698A01B8-A251-48AD-94F1-29BFE2088654} = {F10AA149-2626-486E-85BB-9CD5365F3016}
	EndGlobalSection
	GlobalSection(ExtensibilityGlobals) = postSolution
		SolutionGuid = {4957CD7B-6F5D-4DC7-8585-84F933933F68}
	EndGlobalSection
EndGlobal
